<?xml version="1.0" encoding="utf-8"?>
<Project ToolsVersion="4.0" xmlns="http://schemas.microsoft.com/developer/msbuild/2003">
  <ItemGroup>
    <Filter Include="源文件">
      <UniqueIdentifier>{4FC737F1-C7A5-4376-A066-2A32D752A2FF}</UniqueIdentifier>
      <Extensions>cpp;c;cc;cxx;def;odl;idl;hpj;bat;asm;asmx</Extensions>
    </Filter>
    <Filter Include="头文件">
      <UniqueIdentifier>{93995380-89BD-4b04-88EB-625FBE52EBFB}</UniqueIdentifier>
      <Extensions>h;hh;hpp;hxx;hm;inl;inc;ipp;xsd</Extensions>
    </Filter>
    <Filter Include="资源文件">
      <UniqueIdentifier>{67DA6AB6-F800-4c08-8B7A-83BB121AAD01}</UniqueIdentifier>
      <Extensions>rc;ico;cur;bmp;dlg;rc2;rct;bin;rgs;gif;jpg;jpeg;jpe;resx;tiff;tif;png;wav;mfcribbon-ms</Extensions>
    </Filter>
  </ItemGroup>
  <ItemGroup>
    <ClInclude Include="CC_Brother_Draw.h">
      <Filter>头文件</Filter>
    </ClInclude>
    <ClInclude Include="stdafx.h">
      <Filter>头文件</Filter>
    </ClInclude>
    <ClInclude Include="targetver.h">
      <Filter>头文件</Filter>
    </ClInclude>
    <ClInclude Include="MainFrm.h">
      <Filter>头文件</Filter>
    </ClInclude>
    <ClInclude Include="CC_Brother_DrawDoc.h">
      <Filter>头文件</Filter>
    </ClInclude>
    <ClInclude Include="CC_Brother_DrawView.h">
      <Filter>头文件</Filter>
    </ClInclude>
    <ClInclude Include="Resource.h">
      <Filter>头文件</Filter>
    </ClInclude>
    <ClInclude Include="baseShape.h">
      <Filter>头文件</Filter>
    </ClInclude>
    <ClInclude Include="CC_Brother_Line.h">
      <Filter>头文件</Filter>
    </ClInclude>
    <ClInclude Include="CC_Brother_GraphPara.h">
      <Filter>头文件</Filter>
    </ClInclude>
    <ClInclude Include="CC_Brother_TextDlg.h">
      <Filter>头文件</Filter>
    </ClInclude>
    <ClInclude Include="CC_Brother_Text.h">
      <Filter>头文件</Filter>
    </ClInclude>
    <ClInclude Include="CC_Brother_Switch.h">
      <Filter>头文件</Filter>
    </ClInclude>
    <ClInclude Include="TempShape.h">
      <Filter>头文件</Filter>
    </ClInclude>
    <ClInclude Include="CC_Brother_PLine.h">
      <Filter>头文件</Filter>
    </ClInclude>
    <ClInclude Include="CCBrotherCntrItem.h">
      <Filter>头文件</Filter>
    </ClInclude>
    <ClInclude Include="CC_Brother_Ground.h">
      <Filter>头文件</Filter>
    </ClInclude>
  </ItemGroup>
  <ItemGroup>
    <ClCompile Include="CC_Brother_Draw.cpp">
      <Filter>源文件</Filter>
    </ClCompile>
    <ClCompile Include="stdafx.cpp">
      <Filter>源文件</Filter>
    </ClCompile>
    <ClCompile Include="MainFrm.cpp">
      <Filter>源文件</Filter>
    </ClCompile>
    <ClCompile Include="CC_Brother_DrawDoc.cpp">
      <Filter>源文件</Filter>
    </ClCompile>
    <ClCompile Include="CC_Brother_DrawView.cpp">
      <Filter>源文件</Filter>
    </ClCompile>
    <ClCompile Include="baseShape.cpp">
      <Filter>源文件</Filter>
    </ClCompile>
    <ClCompile Include="CC_Brother_Line.cpp">
      <Filter>源文件</Filter>
    </ClCompile>
    <ClCompile Include="CC_Brother_GraphPara.cpp">
      <Filter>源文件</Filter>
    </ClCompile>
    <ClCompile Include="CC_Brother_TextDlg.cpp">
      <Filter>源文件</Filter>
    </ClCompile>
    <ClCompile Include="CC_Brother_Text.cpp">
      <Filter>源文件</Filter>
    </ClCompile>
    <ClCompile Include="CC_Brother_Switch.cpp">
      <Filter>源文件</Filter>
    </ClCompile>
    <ClCompile Include="CC_Brother_PLine.cpp">
      <Filter>源文件</Filter>
    </ClCompile>
    <ClCompile Include="CCBrotherCntrItem.cpp">
      <Filter>源文件</Filter>
    </ClCompile>
    <ClCompile Include="CC_Brother_Ground.cpp">
      <Filter>源文件</Filter>
    </ClCompile>
  </ItemGroup>
  <ItemGroup>
    <ResourceCompile Include="CCBrotherDraw.rc">
      <Filter>资源文件</Filter>
    </ResourceCompile>
  </ItemGroup>
  <ItemGroup>
    <None Include="res\CCBrotherDraw.rc2">
      <Filter>资源文件</Filter>
    </None>
    <None Include="ClassDiagram.cd" />
  </ItemGroup>
  <ItemGroup>
    <Image Include="res\CC_Brother_DrawDoc.ico">
      <Filter>资源文件</Filter>
    </Image>
    <Image Include="res\CC_Brother_Draw.ico">
      <Filter>资源文件</Filter>
    </Image>
    <Image Include="res\Toolbar.bmp">
      <Filter>资源文件</Filter>
    </Image>
    <Image Include="res\toolbar1.bmp">
      <Filter>资源文件</Filter>
    </Image>
  </ItemGroup>
</Project>